
Microsoft Visual Studio Solution File, Format Version 12.00
# Visual Studio 15
VisualStudioVersion = 15.0.28307.1585
MinimumVisualStudioVersion = 10.0.40219.1
Project("{159641D6-6404-4A2A-AE62-294DE0FE8301}") = "DataMart", "DataMart\DataMart.dtproj", "{CBF08E46-DE69-43AF-B970-44F86FFF811C}"
EndProject
Global
	GlobalSection(SolutionConfigurationPlatforms) = preSolution
		Development|Default = Development|Default
	EndGlobalSection
	GlobalSection(ProjectConfigurationPlatforms) = postSolution
		{CBF08E46-DE69-43AF-B970-44F86FFF811C}.Development|Default.ActiveCfg = Development
		{CBF08E46-DE69-43AF-B970-44F86FFF811C}.Development|Default.Build.0 = Development
	EndGlobalSection
	GlobalSection(SolutionProperties) = preSolution
		HideSolutionNode = FALSE
	EndGlobalSection
	GlobalSection(ExtensibilityGlobals) = postSolution
		SolutionGuid = {8C68DFB5-287B-472E-B5B8-BD5D89C8FA2B}
	EndGlobalSection
EndGlobal
