
Microsoft Visual Studio Solution File, Format Version 12.00
# Visual Studio 15
VisualStudioVersion = 15.0.28307.1585
MinimumVisualStudioVersion = 10.0.40219.1
Project("{D2ABAB84-BF74-430A-B69E-9DC6D40DDA17}") = "AS_Datamart", "AS_Datamart\AS_Datamart.dwproj", "{E34EB748-8FC7-49A9-A67C-9D15D0295DCC}"
EndProject
Global
	GlobalSection(SolutionConfigurationPlatforms) = preSolution
		Development|Default = Development|Default
	EndGlobalSection
	GlobalSection(ProjectConfigurationPlatforms) = postSolution
		{E34EB748-8FC7-49A9-A67C-9D15D0295DCC}.Development|Default.ActiveCfg = Development
		{E34EB748-8FC7-49A9-A67C-9D15D0295DCC}.Development|Default.Build.0 = Development
		{E34EB748-8FC7-49A9-A67C-9D15D0295DCC}.Development|Default.Deploy.0 = Development
	EndGlobalSection
	GlobalSection(SolutionProperties) = preSolution
		HideSolutionNode = FALSE
	EndGlobalSection
	GlobalSection(ExtensibilityGlobals) = postSolution
		SolutionGuid = {2999C8B8-AB70-44F7-A5F4-DA3F6B777DC6}
	EndGlobalSection
EndGlobal
